
Microsoft Visual Studio Solution File, Format Version 12.00
# Visual Studio 15
VisualStudioVersion = 15.0.28307.1622
MinimumVisualStudioVersion = 10.0.40219.1
Project("{FAE04EC0-301F-11D3-BF4B-00C04F79EFBC}") = "EquationInterpreter", "EquationGrapher\EquationInterpreter.csproj", "{B9F29105-059B-4138-A292-CAD0D899198A}"
EndProject
Project("{FAE04EC0-301F-11D3-BF4B-00C04F79EFBC}") = "GrapherWPF", "GrapherWPF\GrapherWPF.csproj", "{F73B4E62-B643-49DF-B985-ADE2B7D32EB2}"
EndProject
Global
	GlobalSection(SolutionConfigurationPlatforms) = preSolution
		Debug|Any CPU = Debug|Any CPU
		Release|Any CPU = Release|Any CPU
	EndGlobalSection
	GlobalSection(ProjectConfigurationPlatforms) = postSolution
		{B9F29105-059B-4138-A292-CAD0D899198A}.Debug|Any CPU.ActiveCfg = Debug|Any CPU
		{B9F29105-059B-4138-A292-CAD0D899198A}.Debug|Any CPU.Build.0 = Debug|Any CPU
		{B9F29105-059B-4138-A292-CAD0D899198A}.Release|Any CPU.ActiveCfg = Release|Any CPU
		{B9F29105-059B-4138-A292-CAD0D899198A}.Release|Any CPU.Build.0 = Release|Any CPU
		{F73B4E62-B643-49DF-B985-ADE2B7D32EB2}.Debug|Any CPU.ActiveCfg = Debug|Any CPU
		{F73B4E62-B643-49DF-B985-ADE2B7D32EB2}.Debug|Any CPU.Build.0 = Debug|Any CPU
		{F73B4E62-B643-49DF-B985-ADE2B7D32EB2}.Release|Any CPU.ActiveCfg = Release|Any CPU
		{F73B4E62-B643-49DF-B985-ADE2B7D32EB2}.Release|Any CPU.Build.0 = Release|Any CPU
	EndGlobalSection
	GlobalSection(SolutionProperties) = preSolution
		HideSolutionNode = FALSE
	EndGlobalSection
	GlobalSection(ExtensibilityGlobals) = postSolution
		SolutionGuid = {EED573EA-479B-41E9-A1F9-4FF45E24F311}
	EndGlobalSection
EndGlobal
